// !$*UTF8*$!
{
	archiveVersion = 1;
	classes = {
	};
	objectVersion = 46;
	objects = {

/* Begin PBXBuildFile section */
		9DC665391C16579100DC0DB4 /* AppDelegate.swift in Sources */ = {isa = PBXBuildFile; fileRef = 9DC665381C16579100DC0DB4 /* AppDelegate.swift */; };
		9DC6653B1C16579100DC0DB4 /* ViewController.swift in Sources */ = {isa = PBXBuildFile; fileRef = 9DC6653A1C16579100DC0DB4 /* ViewController.swift */; };
		9DC6653E1C16579100DC0DB4 /* Main.storyboard in Resources */ = {isa = PBXBuildFile; fileRef = 9DC6653C1C16579100DC0DB4 /* Main.storyboard */; };
		9DC665401C16579100DC0DB4 /* Assets.xcassets in Resources */ = {isa = PBXBuildFile; fileRef = 9DC6653F1C16579100DC0DB4 /* Assets.xcassets */; };
		9DC665431C16579100DC0DB4 /* LaunchScreen.storyboard in Resources */ = {isa = PBXBuildFile; fileRef = 9DC665411C16579100DC0DB4 /* LaunchScreen.storyboard */; };
		9DC6654E1C16579200DC0DB4 /* tipsTests.swift in Sources */ = {isa = PBXBuildFile; fileRef = 9DC6654D1C16579200DC0DB4 /* tipsTests.swift */; };
		9DC665591C16579200DC0DB4 /* tipsUITests.swift in Sources */ = {isa = PBXBuildFile; fileRef = 9DC665581C16579200DC0DB4 /* tipsUITests.swift */; };
/* End PBXBuildFile section */

/* Begin PBXContainerItemProxy section */
		9DC6654A1C16579200DC0DB4 /* PBXContainerItemProxy */ = {
			isa = PBXContainerItemProxy;
			containerPortal = 9DC6652D1C16579100DC0DB4 /* Project object */;
			proxyType = 1;
			remoteGlobalIDString = 9DC665341C16579100DC0DB4;
			remoteInfo = tips;
		};
		9DC665551C16579200DC0DB4 /* PBXContainerItemProxy */ = {
			isa = PBXContainerItemProxy;
			containerPortal = 9DC6652D1C16579100DC0DB4 /* Project object */;
			proxyType = 1;
			remoteGlobalIDString = 9DC665341C16579100DC0DB4;
			remoteInfo = tips;
		};
/* End PBXContainerItemProxy section */

/* Begin PBXFileReference section */
		9DC665351C16579100DC0DB4 /* tips.app */ = {isa = PBXFileReference; explicitFileType = wrapper.application; includeInIndex = 0; path = tips.app; sourceTree = BUILT_PRODUCTS_DIR; };
		9DC665381C16579100DC0DB4 /* AppDelegate.swift */ = {isa = PBXFileReference; lastKnownFileType = sourcecode.swift; path = AppDelegate.swift; sourceTree = "<group>"; };
		9DC6653A1C16579100DC0DB4 /* ViewController.swift */ = {isa = PBXFileReference; lastKnownFileType = sourcecode.swift; path = ViewController.swift; sourceTree = "<group>"; };
		9DC6653D1C16579100DC0DB4 /* Base */ = {isa = PBXFileReference; lastKnownFileType = file.storyboard; name = Base; path = Base.lproj/Main.storyboard; sourceTree = "<group>"; };
		9DC6653F1C16579100DC0DB4 /* Assets.xcassets */ = {isa = PBXFileReference; lastKnownFileType = folder.assetcatalog; path = Assets.xcassets; sourceTree = "<group>"; };
		9DC665421C16579100DC0DB4 /* Base */ = {isa = PBXFileReference; lastKnownFileType = file.storyboard; name = Base; path = Base.lproj/LaunchScreen.storyboard; sourceTree = "<group>"; };
		9DC665441C16579100DC0DB4 /* Info.plist */ = {isa = PBXFileReference; lastKnownFileType = text.plist.xml; path = Info.plist; sourceTree = "<group>"; };
		9DC665491C16579200DC0DB4 /* tipsTests.xctest */ = {isa = PBXFileReference; explicitFileType = wrapper.cfbundle; includeInIndex = 0; path = tipsTests.xctest; sourceTree = BUILT_PRODUCTS_DIR; };
		9DC6654D1C16579200DC0DB4 /* tipsTests.swift */ = {isa = PBXFileReference; lastKnownFileType = sourcecode.swift; path = tipsTests.swift; sourceTree = "<group>"; };
		9DC6654F1C16579200DC0DB4 /* Info.plist */ = {isa = PBXFileReference; lastKnownFileType = text.plist.xml; path = Info.plist; sourceTree = "<group>"; };
		9DC665541C16579200DC0DB4 /* tipsUITests.xctest */ = {isa = PBXFileReference; explicitFileType = wrapper.cfbundle; includeInIndex = 0; path = tipsUITests.xctest; sourceTree = BUILT_PRODUCTS_DIR; };
		9DC665581C16579200DC0DB4 /* tipsUITests.swift */ = {isa = PBXFileReference; lastKnownFileType = sourcecode.swift; path = tipsUITests.swift; sourceTree = "<group>"; };
		9DC6655A1C16579200DC0DB4 /* Info.plist */ = {isa = PBXFileReference; lastKnownFileType = text.plist.xml; path = Info.plist; sourceTree = "<group>"; };
/* End PBXFileReference section */

/* Begin PBXFrameworksBuildPhase section */
		9DC665321C16579100DC0DB4 /* Frameworks */ = {
			isa = PBXFrameworksBuildPhase;
			buildActionMask = 2147483647;
			files = (
			);
			runOnlyForDeploymentPostprocessing = 0;
		};
		9DC665461C16579200DC0DB4 /* Frameworks */ = {
			isa = PBXFrameworksBuildPhase;
			buildActionMask = 2147483647;
			files = (
			);
			runOnlyForDeploymentPostprocessing = 0;
		};
		9DC665511C16579200DC0DB4 /* Frameworks */ = {
			isa = PBXFrameworksBuildPhase;
			buildActionMask = 2147483647;
			files = (
			);
			runOnlyForDeploymentPostprocessing = 0;
		};
/* End PBXFrameworksBuildPhase section */

/* Begin PBXGroup section */
		9DC6652C1C16579100DC0DB4 = {
			isa = PBXGroup;
			children = (
				9DC665371C16579100DC0DB4 /* tips */,
				9DC6654C1C16579200DC0DB4 /* tipsTests */,
				9DC665571C16579200DC0DB4 /* tipsUITests */,
				9DC665361C16579100DC0DB4 /* Products */,
			);
			sourceTree = "<group>";
		};
		9DC665361C16579100DC0DB4 /* Products */ = {
			isa = PBXGroup;
			children = (
				9DC665351C16579100DC0DB4 /* tips.app */,
				9DC665491C16579200DC0DB4 /* tipsTests.xctest */,
				9DC665541C16579200DC0DB4 /* tipsUITests.xctest */,
			);
			name = Products;
			sourceTree = "<group>";
		};
		9DC665371C16579100DC0DB4 /* tips */ = {
			isa = PBXGroup;
			children = (
				9DC665381C16579100DC0DB4 /* AppDelegate.swift */,
				9DC6653A1C16579100DC0DB4 /* ViewController.swift */,
				9DC6653C1C16579100DC0DB4 /* Main.storyboard */,
				9DC6653F1C16579100DC0DB4 /* Assets.xcassets */,
				9DC665411C16579100DC0DB4 /* LaunchScreen.storyboard */,
				9DC665441C16579100DC0DB4 /* Info.plist */,
			);
			path = tips;
			sourceTree = "<group>";
		};
		9DC6654C1C16579200DC0DB4 /* tipsTests */ = {
			isa = PBXGroup;
			children = (
				9DC6654D1C16579200DC0DB4 /* tipsTests.swift */,
				9DC6654F1C16579200DC0DB4 /* Info.plist */,
			);
			path = tipsTests;
			sourceTree = "<group>";
		};
		9DC665571C16579200DC0DB4 /* tipsUITests */ = {
			isa = PBXGroup;
			children = (
				9DC665581C16579200DC0DB4 /* tipsUITests.swift */,
				9DC6655A1C16579200DC0DB4 /* Info.plist */,
			);
			path = tipsUITests;
			sourceTree = "<group>";
		};
/* End PBXGroup section */

/* Begin PBXNativeTarget section */
		9DC665341C16579100DC0DB4 /* tips */ = {
			isa = PBXNativeTarget;
			buildConfigurationList = 9DC6655D1C16579200DC0DB4 /* Build configuration list for PBXNativeTarget "tips" */;
			buildPhases = (
				9DC665311C16579100DC0DB4 /* Sources */,
				9DC665321C16579100DC0DB4 /* Frameworks */,
				9DC665331C16579100DC0DB4 /* Resources */,
			);
			buildRules = (
			);
			dependencies = (
			);
			name = tips;
			productName = tips;
			productReference = 9DC665351C16579100DC0DB4 /* tips.app */;
			productType = "com.apple.product-type.application";
		};
		9DC665481C16579200DC0DB4 /* tipsTests */ = {
			isa = PBXNativeTarget;
			buildConfigurationList = 9DC665601C16579200DC0DB4 /* Build configuration list for PBXNativeTarget "tipsTests" */;
			buildPhases = (
				9DC665451C16579200DC0DB4 /* Sources */,
				9DC665461C16579200DC0DB4 /* Frameworks */,
				9DC665471C16579200DC0DB4 /* Resources */,
			);
			buildRules = (
			);
			dependencies = (
				9DC6654B1C16579200DC0DB4 /* PBXTargetDependency */,
			);
			name = tipsTests;
			productName = tipsTests;
			productReference = 9DC665491C16579200DC0DB4 /* tipsTests.xctest */;
			productType = "com.apple.product-type.bundle.unit-test";
		};
		9DC665531C16579200DC0DB4 /* tipsUITests */ = {
			isa = PBXNativeTarget;
			buildConfigurationList = 9DC665631C16579200DC0DB4 /* Build configuration list for PBXNativeTarget "tipsUITests" */;
			buildPhases = (
				9DC665501C16579200DC0DB4 /* Sources */,
				9DC665511C16579200DC0DB4 /* Frameworks */,
				9DC665521C16579200DC0DB4 /* Resources */,
			);
			buildRules = (
			);
			dependencies = (
				9DC665561C16579200DC0DB4 /* PBXTargetDependency */,
			);
			name = tipsUITests;
			productName = tipsUITests;
			productReference = 9DC665541C16579200DC0DB4 /* tipsUITests.xctest */;
			productType = "com.apple.product-type.bundle.ui-testing";
		};
/* End PBXNativeTarget section */

/* Begin PBXProject section */
		9DC6652D1C16579100DC0DB4 /* Project object */ = {
			isa = PBXProject;
			attributes = {
				LastSwiftUpdateCheck = 0710;
				LastUpgradeCheck = 0710;
				ORGANIZATIONNAME = InSource;
				TargetAttributes = {
					9DC665341C16579100DC0DB4 = {
						CreatedOnToolsVersion = 7.1.1;
					};
					9DC665481C16579200DC0DB4 = {
						CreatedOnToolsVersion = 7.1.1;
						TestTargetID = 9DC665341C16579100DC0DB4;
					};
					9DC665531C16579200DC0DB4 = {
						CreatedOnToolsVersion = 7.1.1;
						TestTargetID = 9DC665341C16579100DC0DB4;
					};
				};
			};
			buildConfigurationList = 9DC665301C16579100DC0DB4 /* Build configuration list for PBXProject "tips" */;
			compatibilityVersion = "Xcode 3.2";
			developmentRegion = English;
			hasScannedForEncodings = 0;
			knownRegions = (
				en,
				Base,
			);
			mainGroup = 9DC6652C1C16579100DC0DB4;
			productRefGroup = 9DC665361C16579100DC0DB4 /* Products */;
			projectDirPath = "";
			projectRoot = "";
			targets = (
				9DC665341C16579100DC0DB4 /* tips */,
				9DC665481C16579200DC0DB4 /* tipsTests */,
				9DC665531C16579200DC0DB4 /* tipsUITests */,
			);
		};
/* End PBXProject section */

/* Begin PBXResourcesBuildPhase section */
		9DC665331C16579100DC0DB4 /* Resources */ = {
			isa = PBXResourcesBuildPhase;
			buildActionMask = 2147483647;
			files = (
				9DC665431C16579100DC0DB4 /* LaunchScreen.storyboard in Resources */,
				9DC665401C16579100DC0DB4 /* Assets.xcassets in Resources */,
				9DC6653E1C16579100DC0DB4 /* Main.storyboard in Resources */,
			);
			runOnlyForDeploymentPostprocessing = 0;
		};
		9DC665471C16579200DC0DB4 /* Resources */ = {
			isa = PBXResourcesBuildPhase;
			buildActionMask = 2147483647;
			files = (
			);
			runOnlyForDeploymentPostprocessing = 0;
		};
		9DC665521C16579200DC0DB4 /* Resources */ = {
			isa = PBXResourcesBuildPhase;
			buildActionMask = 2147483647;
			files = (
			);
			runOnlyForDeploymentPostprocessing = 0;
		};
/* End PBXResourcesBuildPhase section */

/* Begin PBXSourcesBuildPhase section */
		9DC665311C16579100DC0DB4 /* Sources */ = {
			isa = PBXSourcesBuildPhase;
			buildActionMask = 2147483647;
			files = (
				9DC6653B1C16579100DC0DB4 /* ViewController.swift in Sources */,
				9DC665391C16579100DC0DB4 /* AppDelegate.swift in Sources */,
			);
			runOnlyForDeploymentPostprocessing = 0;
		};
		9DC665451C16579200DC0DB4 /* Sources */ = {
			isa = PBXSourcesBuildPhase;
			buildActionMask = 2147483647;
			files = (
				9DC6654E1C16579200DC0DB4 /* tipsTests.swift in Sources */,
			);
			runOnlyForDeploymentPostprocessing = 0;
		};
		9DC665501C16579200DC0DB4 /* Sources */ = {
			isa = PBXSourcesBuildPhase;
			buildActionMask = 2147483647;
			files = (
				9DC665591C16579200DC0DB4 /* tipsUITests.swift in Sources */,
			);
			runOnlyForDeploymentPostprocessing = 0;
		};
/* End PBXSourcesBuildPhase section */

/* Begin PBXTargetDependency section */
		9DC6654B1C16579200DC0DB4 /* PBXTargetDependency */ = {
			isa = PBXTargetDependency;
			target = 9DC665341C16579100DC0DB4 /* tips */;
			targetProxy = 9DC6654A1C16579200DC0DB4 /* PBXContainerItemProxy */;
		};
		9DC665561C16579200DC0DB4 /* PBXTargetDependency */ = {
			isa = PBXTargetDependency;
			target = 9DC665341C16579100DC0DB4 /* tips */;
			targetProxy = 9DC665551C16579200DC0DB4 /* PBXContainerItemProxy */;
		};
/* End PBXTargetDependency section */

/* Begin PBXVariantGroup section */
		9DC6653C1C16579100DC0DB4 /* Main.storyboard */ = {
			isa = PBXVariantGroup;
			children = (
				9DC6653D1C16579100DC0DB4 /* Base */,
			);
			name = Main.storyboard;
			sourceTree = "<group>";
		};
		9DC665411C16579100DC0DB4 /* LaunchScreen.storyboard */ = {
			isa = PBXVariantGroup;
			children = (
				9DC665421C16579100DC0DB4 /* Base */,
			);
			name = LaunchScreen.storyboard;
			sourceTree = "<group>";
		};
/* End PBXVariantGroup section */

/* Begin XCBuildConfiguration section */
		9DC6655B1C16579200DC0DB4 /* Debug */ = {
			isa = XCBuildConfiguration;
			buildSettings = {
				ALWAYS_SEARCH_USER_PATHS = NO;
				CLANG_CXX_LANGUAGE_STANDARD = "gnu++0x";
				CLANG_CXX_LIBRARY = "libc++";
				CLANG_ENABLE_MODULES = YES;
				CLANG_ENABLE_OBJC_ARC = YES;
				CLANG_WARN_BOOL_CONVERSION = YES;
				CLANG_WARN_CONSTANT_CONVERSION = YES;
				CLANG_WARN_DIRECT_OBJC_ISA_USAGE = YES_ERROR;
				CLANG_WARN_EMPTY_BODY = YES;
				CLANG_WARN_ENUM_CONVERSION = YES;
				CLANG_WARN_INT_CONVERSION = YES;
				CLANG_WARN_OBJC_ROOT_CLASS = YES_ERROR;
				CLANG_WARN_UNREACHABLE_CODE = YES;
				CLANG_WARN__DUPLICATE_METHOD_MATCH = YES;
				"CODE_SIGN_IDENTITY[sdk=iphoneos*]" = "iPhone Developer";
				COPY_PHASE_STRIP = NO;
				DEBUG_INFORMATION_FORMAT = dwarf;
				ENABLE_STRICT_OBJC_MSGSEND = YES;
				ENABLE_TESTABILITY = YES;
				GCC_C_LANGUAGE_STANDARD = gnu99;
				GCC_DYNAMIC_NO_PIC = NO;
				GCC_NO_COMMON_BLOCKS = YES;
				GCC_OPTIMIZATION_LEVEL = 0;
				GCC_PREPROCESSOR_DEFINITIONS = (
					"DEBUG=1",
					"$(inherited)",
				);
				GCC_WARN_64_TO_32_BIT_CONVERSION = YES;
				GCC_WARN_ABOUT_RETURN_TYPE = YES_ERROR;
				GCC_WARN_UNDECLARED_SELECTOR = YES;
				GCC_WARN_UNINITIALIZED_AUTOS = YES_AGGRESSIVE;
				GCC_WARN_UNUSED_FUNCTION = YES;
				GCC_WARN_UNUSED_VARIABLE = YES;
				IPHONEOS_DEPLOYMENT_TARGET = 9.1;
				MTL_ENABLE_DEBUG_INFO = YES;
				ONLY_ACTIVE_ARCH = YES;
				SDKROOT = iphoneos;
				SWIFT_OPTIMIZATION_LEVEL = "-Onone";
			};
			name = Debug;
		};
		9DC6655C1C16579200DC0DB4 /* Release */ = {
			isa = XCBuildConfiguration;
			buildSettings = {
				ALWAYS_SEARCH_USER_PATHS = NO;
				CLANG_CXX_LANGUAGE_STANDARD = "gnu++0x";
				CLANG_CXX_LIBRARY = "libc++";
				CLANG_ENABLE_MODULES = YES;
				CLANG_ENABLE_OBJC_ARC = YES;
				CLANG_WARN_BOOL_CONVERSION = YES;
				CLANG_WARN_CONSTANT_CONVERSION = YES;
				CLANG_WARN_DIRECT_OBJC_ISA_USAGE = YES_ERROR;
				CLANG_WARN_EMPTY_BODY = YES;
				CLANG_WARN_ENUM_CONVERSION = YES;
				CLANG_WARN_INT_CONVERSION = YES;
				CLANG_WARN_OBJC_ROOT_CLASS = YES_ERROR;
				CLANG_WARN_UNREACHABLE_CODE = YES;
				CLANG_WARN__DUPLICATE_METHOD_MATCH = YES;
				"CODE_SIGN_IDENTITY[sdk=iphoneos*]" = "iPhone Developer";
				COPY_PHASE_STRIP = NO;
				DEBUG_INFORMATION_FORMAT = "dwarf-with-dsym";
				ENABLE_NS_ASSERTIONS = NO;
				ENABLE_STRICT_OBJC_MSGSEND = YES;
				GCC_C_LANGUAGE_STANDARD = gnu99;
				GCC_NO_COMMON_BLOCKS = YES;
				GCC_WARN_64_TO_32_BIT_CONVERSION = YES;
				GCC_WARN_ABOUT_RETURN_TYPE = YES_ERROR;
				GCC_WARN_UNDECLARED_SELECTOR = YES;
				GCC_WARN_UNINITIALIZED_AUTOS = YES_AGGRESSIVE;
				GCC_WARN_UNUSED_FUNCTION = YES;
				GCC_WARN_UNUSED_VARIABLE = YES;
				IPHONEOS_DEPLOYMENT_TARGET = 9.1;
				MTL_ENABLE_DEBUG_INFO = NO;
				SDKROOT = iphoneos;
				VALIDATE_PRODUCT = YES;
			};
			name = Release;
		};
		9DC6655E1C16579200DC0DB4 /* Debug */ = {
			isa = XCBuildConfiguration;
			buildSettings = {
				ASSETCATALOG_COMPILER_APPICON_NAME = AppIcon;
				INFOPLIST_FILE = tips/Info.plist;
				LD_RUNPATH_SEARCH_PATHS = "$(inherited) @executable_path/Frameworks";
				PRODUCT_BUNDLE_IDENTIFIER = com.inSource.tips;
				PRODUCT_NAME = "$(TARGET_NAME)";
			};
			name = Debug;
		};
		9DC6655F1C16579200DC0DB4 /* Release */ = {
			isa = XCBuildConfiguration;
			buildSettings = {
				ASSETCATALOG_COMPILER_APPICON_NAME = AppIcon;
				INFOPLIST_FILE = tips/Info.plist;
				LD_RUNPATH_SEARCH_PATHS = "$(inherited) @executable_path/Frameworks";
				PRODUCT_BUNDLE_IDENTIFIER = com.inSource.tips;
				PRODUCT_NAME = "$(TARGET_NAME)";
			};
			name = Release;
		};
		9DC665611C16579200DC0DB4 /* Debug */ = {
			isa = XCBuildConfiguration;
			buildSettings = {
				BUNDLE_LOADER = "$(TEST_HOST)";
				INFOPLIST_FILE = tipsTests/Info.plist;
				LD_RUNPATH_SEARCH_PATHS = "$(inherited) @executable_path/Frameworks @loader_path/Frameworks";
				PRODUCT_BUNDLE_IDENTIFIER = com.inSource.tipsTests;
				PRODUCT_NAME = "$(TARGET_NAME)";
				TEST_HOST = "$(BUILT_PRODUCTS_DIR)/tips.app/tips";
			};
			name = Debug;
		};
		9DC665621C16579200DC0DB4 /* Release */ = {
			isa = XCBuildConfiguration;
			buildSettings = {
				BUNDLE_LOADER = "$(TEST_HOST)";
				INFOPLIST_FILE = tipsTests/Info.plist;
				LD_RUNPATH_SEARCH_PATHS = "$(inherited) @executable_path/Frameworks @loader_path/Frameworks";
				PRODUCT_BUNDLE_IDENTIFIER = com.inSource.tipsTests;
				PRODUCT_NAME = "$(TARGET_NAME)";
				TEST_HOST = "$(BUILT_PRODUCTS_DIR)/tips.app/tips";
			};
			name = Release;
		};
		9DC665641C16579200DC0DB4 /* Debug */ = {
			isa = XCBuildConfiguration;
			buildSettings = {
				INFOPLIST_FILE = tipsUITests/Info.plist;
				LD_RUNPATH_SEARCH_PATHS = "$(inherited) @executable_path/Frameworks @loader_path/Frameworks";
				PRODUCT_BUNDLE_IDENTIFIER = com.inSource.tipsUITests;
				PRODUCT_NAME = "$(TARGET_NAME)";
				TEST_TARGET_NAME = tips;
				USES_XCTRUNNER = YES;
			};
			name = Debug;
		};
		9DC665651C16579200DC0DB4 /* Release */ = {
			isa = XCBuildConfiguration;
			buildSettings = {
				INFOPLIST_FILE = tipsUITests/Info.plist;
				LD_RUNPATH_SEARCH_PATHS = "$(inherited) @executable_path/Frameworks @loader_path/Frameworks";
				PRODUCT_BUNDLE_IDENTIFIER = com.inSource.tipsUITests;
				PRODUCT_NAME = "$(TARGET_NAME)";
				TEST_TARGET_NAME = tips;
				USES_XCTRUNNER = YES;
			};
			name = Release;
		};
/* End XCBuildConfiguration section */

/* Begin XCConfigurationList section */
		9DC665301C16579100DC0DB4 /* Build configuration list for PBXProject "tips" */ = {
			isa = XCConfigurationList;
			buildConfigurations = (
				9DC6655B1C16579200DC0DB4 /* Debug */,
				9DC6655C1C16579200DC0DB4 /* Release */,
			);
			defaultConfigurationIsVisible = 0;
			defaultConfigurationName = Release;
		};
		9DC6655D1C16579200DC0DB4 /* Build configuration list for PBXNativeTarget "tips" */ = {
			isa = XCConfigurationList;
			buildConfigurations = (
				9DC6655E1C16579200DC0DB4 /* Debug */,
				9DC6655F1C16579200DC0DB4 /* Release */,
			);
			defaultConfigurationIsVisible = 0;
		};
		9DC665601C16579200DC0DB4 /* Build configuration list for PBXNativeTarget "tipsTests" */ = {
			isa = XCConfigurationList;
			buildConfigurations = (
				9DC665611C16579200DC0DB4 /* Debug */,
				9DC665621C16579200DC0DB4 /* Release */,
			);
			defaultConfigurationIsVisible = 0;
		};
		9DC665631C16579200DC0DB4 /* Build configuration list for PBXNativeTarget "tipsUITests" */ = {
			isa = XCConfigurationList;
			buildConfigurations = (
				9DC665641C16579200DC0DB4 /* Debug */,
				9DC665651C16579200DC0DB4 /* Release */,
			);
			defaultConfigurationIsVisible = 0;
		};
/* End XCConfigurationList section */
	};
	rootObject = 9DC6652D1C16579100DC0DB4 /* Project object */;
}
